uuid: 9b6604c9-48af-4d89-b156-ecd886ec021d
langcode: en
status: true
dependencies:
  config:
    - views.view.site_search
  module:
    - system
    - views
  theme:
    - citizen_dart
id: views_block__site_search_site_search_block
theme: citizen_dart
region: content
weight: 0
provider: null
plugin: 'views_block:site_search-site_search_block'
settings:
  id: 'views_block:site_search-site_search_block'
  label: ''
  label_display: '0'
  provider: views
  views_label: ''
  items_per_page: none
visibility:
  request_path:
    id: request_path
    negate: true
    pages: '/*'
